
Microsoft Visual Studio Solution File, Format Version 12.00
# Visual Studio Version 17
VisualStudioVersion = 17.4.33110.190
MinimumVisualStudioVersion = 10.0.40219.1
Project("{9A19103F-16F7-4668-BE54-9A1E7A4F7556}") = "UploadFile", "UploadFile\UploadFile.csproj", "{3E61321C-C723-463A-9780-1CA485E3C368}"
EndProject
Global
	GlobalSection(SolutionConfigurationPlatforms) = preSolution
		Debug|Any CPU = Debug|Any CPU
		Release|Any CPU = Release|Any CPU
	EndGlobalSection
	GlobalSection(ProjectConfigurationPlatforms) = postSolution
		{3E61321C-C723-463A-9780-1CA485E3C368}.Debug|Any CPU.ActiveCfg = Debug|Any CPU
		{3E61321C-C723-463A-9780-1CA485E3C368}.Debug|Any CPU.Build.0 = Debug|Any CPU
		{3E61321C-C723-463A-9780-1CA485E3C368}.Release|Any CPU.ActiveCfg = Release|Any CPU
		{3E61321C-C723-463A-9780-1CA485E3C368}.Release|Any CPU.Build.0 = Release|Any CPU
	EndGlobalSection
	GlobalSection(SolutionProperties) = preSolution
		HideSolutionNode = FALSE
	EndGlobalSection
	GlobalSection(ExtensibilityGlobals) = postSolution
		SolutionGuid = {F7674B95-2F31-4A8A-9B30-2277C09414B8}
	EndGlobalSection
EndGlobal
