
Microsoft Visual Studio Solution File, Format Version 12.00
# Visual Studio Version 17
VisualStudioVersion = 17.4.33110.190
MinimumVisualStudioVersion = 10.0.40219.1
Project("{9A19103F-16F7-4668-BE54-9A1E7A4F7556}") = "DapperBlazorApp", "DapperBlazorApp\DapperBlazorApp.csproj", "{6FE89B0C-9910-4548-987F-1ED1F1F1F7EA}"
EndProject
Global
	GlobalSection(SolutionConfigurationPlatforms) = preSolution
		Debug|Any CPU = Debug|Any CPU
		Release|Any CPU = Release|Any CPU
	EndGlobalSection
	GlobalSection(ProjectConfigurationPlatforms) = postSolution
		{6FE89B0C-9910-4548-987F-1ED1F1F1F7EA}.Debug|Any CPU.ActiveCfg = Debug|Any CPU
		{6FE89B0C-9910-4548-987F-1ED1F1F1F7EA}.Debug|Any CPU.Build.0 = Debug|Any CPU
		{6FE89B0C-9910-4548-987F-1ED1F1F1F7EA}.Release|Any CPU.ActiveCfg = Release|Any CPU
		{6FE89B0C-9910-4548-987F-1ED1F1F1F7EA}.Release|Any CPU.Build.0 = Release|Any CPU
	EndGlobalSection
	GlobalSection(SolutionProperties) = preSolution
		HideSolutionNode = FALSE
	EndGlobalSection
	GlobalSection(ExtensibilityGlobals) = postSolution
		SolutionGuid = {5B7BE1FA-A5AE-43E5-B809-61D7818BE9D4}
	EndGlobalSection
EndGlobal
